PODS:
  - Alamofire (5.2.2)
  - HandyJSON (5.0.2)
  - MLMNetWork/AlamofireClient (0.2.4):
    - Alamofire (~> 5.2)
    - MLMNetWork/Protocol
  - MLMNetWork/Protocol (0.2.4):
    - HandyJSON (~> 5.0.1)
    - RxCocoa (~> 5)
    - RxSwift (~> 5)
  - RxCocoa (5.1.1):
    - RxRelay (~> 5)
    - RxSwift (~> 5)
  - RxRelay (5.1.1):
    - RxSwift (~> 5)
  - RxSwift (5.1.1)

DEPENDENCIES:
  - MLMNetWork/AlamofireClient (from `../`)

SPEC REPOS:
  trunk:
    - Alamofire
    - HandyJSON
    - RxCocoa
    - RxRelay
    - RxSwift

EXTERNAL SOURCES:
  MLMNetWork:
    :path: "../"

SPEC CHECKSUMS:
  Alamofire: 814429acc853c6c54ff123fc3d2ef66803823ce0
  HandyJSON: 9e4e236f5d2dbefad5155a77417bbea438201c03
  MLMNetWork: f6177c05c631a29578bb0aed009ec3d434249759
  RxCocoa: 32065309a38d29b5b0db858819b5bf9ef038b601
  RxRelay: d77f7d771495f43c556cbc43eebd1bb54d01e8e9
  RxSwift: 81470a2074fa8780320ea5fe4102807cb7118178

PODFILE CHECKSUM: 9c90696ede89508699784e50b3e1d0a1f44a7618

COCOAPODS: 1.10.0.beta.1
